
Microsoft Visual Studio Solution File, Format Version 12.00
# Visual Studio 14
VisualStudioVersion = 14.0.23107.0
MinimumVisualStudioVersion = 10.0.40219.1
Project("{8BC9CEB8-8B4A-11D0-8D11-00A0C91BC942}") = "EMFParser", "EMFParser\EMFParser.vcxproj", "{F0A343B6-F96F-4ED9-8DC9-1439AECD891C}"
EndProject
Project("{8BC9CEB8-8B4A-11D0-8D11-00A0C91BC942}") = "Test", "Test\Test.vcxproj", "{8ACB68EE-47D9-4A8F-B2B2-14F1F88D0DF2}"
EndProject
Project("{8BC9CEB8-8B4A-11D0-8D11-00A0C91BC942}") = "SPLParser", "SPLParser\SPLParser.vcxproj", "{D7DCF214-759B-42D2-A3CD-429511196C80}"
EndProject
Global
	GlobalSection(SolutionConfigurationPlatforms) = preSolution
		Debug|x64 = Debug|x64
		Debug|x86 = Debug|x86
		Release|x64 = Release|x64
		Release|x86 = Release|x86
	EndGlobalSection
	GlobalSection(ProjectConfigurationPlatforms) = postSolution
		{F0A343B6-F96F-4ED9-8DC9-1439AECD891C}.Debug|x64.ActiveCfg = Debug|x64
		{F0A343B6-F96F-4ED9-8DC9-1439AECD891C}.Debug|x64.Build.0 = Debug|x64
		{F0A343B6-F96F-4ED9-8DC9-1439AECD891C}.Debug|x86.ActiveCfg = Debug|Win32
		{F0A343B6-F96F-4ED9-8DC9-1439AECD891C}.Debug|x86.Build.0 = Debug|Win32
		{F0A343B6-F96F-4ED9-8DC9-1439AECD891C}.Release|x64.ActiveCfg = Release|x64
		{F0A343B6-F96F-4ED9-8DC9-1439AECD891C}.Release|x64.Build.0 = Release|x64
		{F0A343B6-F96F-4ED9-8DC9-1439AECD891C}.Release|x86.ActiveCfg = Release|Win32
		{F0A343B6-F96F-4ED9-8DC9-1439AECD891C}.Release|x86.Build.0 = Release|Win32
		{8ACB68EE-47D9-4A8F-B2B2-14F1F88D0DF2}.Debug|x64.ActiveCfg = Debug|x64
		{8ACB68EE-47D9-4A8F-B2B2-14F1F88D0DF2}.Debug|x64.Build.0 = Debug|x64
		{8ACB68EE-47D9-4A8F-B2B2-14F1F88D0DF2}.Debug|x86.ActiveCfg = Debug|Win32
		{8ACB68EE-47D9-4A8F-B2B2-14F1F88D0DF2}.Debug|x86.Build.0 = Debug|Win32
		{8ACB68EE-47D9-4A8F-B2B2-14F1F88D0DF2}.Release|x64.ActiveCfg = Release|x64
		{8ACB68EE-47D9-4A8F-B2B2-14F1F88D0DF2}.Release|x64.Build.0 = Release|x64
		{8ACB68EE-47D9-4A8F-B2B2-14F1F88D0DF2}.Release|x86.ActiveCfg = Release|Win32
		{8ACB68EE-47D9-4A8F-B2B2-14F1F88D0DF2}.Release|x86.Build.0 = Release|Win32
		{D7DCF214-759B-42D2-A3CD-429511196C80}.Debug|x64.ActiveCfg = Debug|x64
		{D7DCF214-759B-42D2-A3CD-429511196C80}.Debug|x64.Build.0 = Debug|x64
		{D7DCF214-759B-42D2-A3CD-429511196C80}.Debug|x86.ActiveCfg = Debug|Win32
		{D7DCF214-759B-42D2-A3CD-429511196C80}.Debug|x86.Build.0 = Debug|Win32
		{D7DCF214-759B-42D2-A3CD-429511196C80}.Release|x64.ActiveCfg = Release|x64
		{D7DCF214-759B-42D2-A3CD-429511196C80}.Release|x64.Build.0 = Release|x64
		{D7DCF214-759B-42D2-A3CD-429511196C80}.Release|x86.ActiveCfg = Release|Win32
		{D7DCF214-759B-42D2-A3CD-429511196C80}.Release|x86.Build.0 = Release|Win32
	EndGlobalSection
	GlobalSection(SolutionProperties) = preSolution
		HideSolutionNode = FALSE
	EndGlobalSection
EndGlobal
